
Microsoft Visual Studio Solution File, Format Version 12.00
# Visual Studio Version 17
VisualStudioVersion = 17.4.33213.308
MinimumVisualStudioVersion = 10.0.40219.1
Project("{FAE04EC0-301F-11D3-BF4B-00C04F79EFBC}") = "Parking", "Parking\Parking.csproj", "{349711C5-2CBF-4736-B947-5C62B145659A}"
EndProject
Global
	GlobalSection(SolutionConfigurationPlatforms) = preSolution
		Debug|Any CPU = Debug|Any CPU
		Release|Any CPU = Release|Any CPU
	EndGlobalSection
	GlobalSection(ProjectConfigurationPlatforms) = postSolution
		{349711C5-2CBF-4736-B947-5C62B145659A}.Debug|Any CPU.ActiveCfg = Debug|Any CPU
		{349711C5-2CBF-4736-B947-5C62B145659A}.Debug|Any CPU.Build.0 = Debug|Any CPU
		{349711C5-2CBF-4736-B947-5C62B145659A}.Release|Any CPU.ActiveCfg = Release|Any CPU
		{349711C5-2CBF-4736-B947-5C62B145659A}.Release|Any CPU.Build.0 = Release|Any CPU
	EndGlobalSection
	GlobalSection(SolutionProperties) = preSolution
		HideSolutionNode = FALSE
	EndGlobalSection
	GlobalSection(ExtensibilityGlobals) = postSolution
		SolutionGuid = {A646CD1E-61F6-49E7-BF71-EA83EFFB29E2}
	EndGlobalSection
EndGlobal
