
Microsoft Visual Studio Solution File, Format Version 12.00
# Visual Studio Version 17
VisualStudioVersion = 17.4.33213.308
MinimumVisualStudioVersion = 10.0.40219.1
Project("{FAE04EC0-301F-11D3-BF4B-00C04F79EFBC}") = "DIusingUnity", "DIusingUnity\DIusingUnity.csproj", "{0B112D5A-9B43-4C32-82F2-659FD115189A}"
EndProject
Global
	GlobalSection(SolutionConfigurationPlatforms) = preSolution
		Debug|Any CPU = Debug|Any CPU
		Release|Any CPU = Release|Any CPU
	EndGlobalSection
	GlobalSection(ProjectConfigurationPlatforms) = postSolution
		{0B112D5A-9B43-4C32-82F2-659FD115189A}.Debug|Any CPU.ActiveCfg = Debug|Any CPU
		{0B112D5A-9B43-4C32-82F2-659FD115189A}.Debug|Any CPU.Build.0 = Debug|Any CPU
		{0B112D5A-9B43-4C32-82F2-659FD115189A}.Release|Any CPU.ActiveCfg = Release|Any CPU
		{0B112D5A-9B43-4C32-82F2-659FD115189A}.Release|Any CPU.Build.0 = Release|Any CPU
	EndGlobalSection
	GlobalSection(SolutionProperties) = preSolution
		HideSolutionNode = FALSE
	EndGlobalSection
	GlobalSection(ExtensibilityGlobals) = postSolution
		SolutionGuid = {BA3A62DC-E857-4CD7-AFBC-0D63A98FC748}
	EndGlobalSection
EndGlobal
