
Microsoft Visual Studio Solution File, Format Version 12.00
# Visual Studio Version 17
VisualStudioVersion = 17.4.33213.308
MinimumVisualStudioVersion = 10.0.40219.1
Project("{FAE04EC0-301F-11D3-BF4B-00C04F79EFBC}") = "ReflectionsTask", "ReflectionsTask\ReflectionsTask.csproj", "{907DD3A0-B26C-4638-BDB7-214F5CFD9496}"
EndProject
Global
	GlobalSection(SolutionConfigurationPlatforms) = preSolution
		Debug|Any CPU = Debug|Any CPU
		Release|Any CPU = Release|Any CPU
	EndGlobalSection
	GlobalSection(ProjectConfigurationPlatforms) = postSolution
		{907DD3A0-B26C-4638-BDB7-214F5CFD9496}.Debug|Any CPU.ActiveCfg = Debug|Any CPU
		{907DD3A0-B26C-4638-BDB7-214F5CFD9496}.Debug|Any CPU.Build.0 = Debug|Any CPU
		{907DD3A0-B26C-4638-BDB7-214F5CFD9496}.Release|Any CPU.ActiveCfg = Release|Any CPU
		{907DD3A0-B26C-4638-BDB7-214F5CFD9496}.Release|Any CPU.Build.0 = Release|Any CPU
	EndGlobalSection
	GlobalSection(SolutionProperties) = preSolution
		HideSolutionNode = FALSE
	EndGlobalSection
	GlobalSection(ExtensibilityGlobals) = postSolution
		SolutionGuid = {EC952C76-5F7D-4B3D-912D-9C6EAEFE74AF}
	EndGlobalSection
EndGlobal
