
Microsoft Visual Studio Solution File, Format Version 12.00
# Visual Studio Version 17
VisualStudioVersion = 17.4.33213.308
MinimumVisualStudioVersion = 10.0.40219.1
Project("{FAE04EC0-301F-11D3-BF4B-00C04F79EFBC}") = "Javascript", "Javascript\Javascript.csproj", "{F1C9DEF9-CC70-46C0-9DAB-7740E7099BAE}"
EndProject
Project("{2150E333-8FDC-42A3-9474-1A3956D46DE8}") = "Solution Items", "Solution Items", "{9B715C09-DB81-4539-BC4D-FA24C9A0EC9B}"
	ProjectSection(SolutionItems) = preProject
		Closures.html = Closures.html
	EndProjectSection
EndProject
Global
	GlobalSection(SolutionConfigurationPlatforms) = preSolution
		Debug|Any CPU = Debug|Any CPU
		Release|Any CPU = Release|Any CPU
	EndGlobalSection
	GlobalSection(ProjectConfigurationPlatforms) = postSolution
		{F1C9DEF9-CC70-46C0-9DAB-7740E7099BAE}.Debug|Any CPU.ActiveCfg = Debug|Any CPU
		{F1C9DEF9-CC70-46C0-9DAB-7740E7099BAE}.Debug|Any CPU.Build.0 = Debug|Any CPU
		{F1C9DEF9-CC70-46C0-9DAB-7740E7099BAE}.Release|Any CPU.ActiveCfg = Release|Any CPU
		{F1C9DEF9-CC70-46C0-9DAB-7740E7099BAE}.Release|Any CPU.Build.0 = Release|Any CPU
	EndGlobalSection
	GlobalSection(SolutionProperties) = preSolution
		HideSolutionNode = FALSE
	EndGlobalSection
	GlobalSection(ExtensibilityGlobals) = postSolution
		SolutionGuid = {5F47AFED-F379-49E2-9634-5510A9C9B355}
	EndGlobalSection
EndGlobal
