
Microsoft Visual Studio Solution File, Format Version 12.00
# Visual Studio Version 17
VisualStudioVersion = 17.4.33213.308
MinimumVisualStudioVersion = 10.0.40219.1
Project("{FAE04EC0-301F-11D3-BF4B-00C04F79EFBC}") = "WebApplication1", "WebApplication1\WebApplication1.csproj", "{7480DFB1-BC7E-49E4-904D-FAEDFD0D2926}"
EndProject
Global
	GlobalSection(SolutionConfigurationPlatforms) = preSolution
		Debug|Any CPU = Debug|Any CPU
		Release|Any CPU = Release|Any CPU
	EndGlobalSection
	GlobalSection(ProjectConfigurationPlatforms) = postSolution
		{7480DFB1-BC7E-49E4-904D-FAEDFD0D2926}.Debug|Any CPU.ActiveCfg = Debug|Any CPU
		{7480DFB1-BC7E-49E4-904D-FAEDFD0D2926}.Debug|Any CPU.Build.0 = Debug|Any CPU
		{7480DFB1-BC7E-49E4-904D-FAEDFD0D2926}.Release|Any CPU.ActiveCfg = Release|Any CPU
		{7480DFB1-BC7E-49E4-904D-FAEDFD0D2926}.Release|Any CPU.Build.0 = Release|Any CPU
	EndGlobalSection
	GlobalSection(SolutionProperties) = preSolution
		HideSolutionNode = FALSE
	EndGlobalSection
	GlobalSection(ExtensibilityGlobals) = postSolution
		SolutionGuid = {E61DEB2A-5310-4FF6-8D49-14694CC0F16D}
	EndGlobalSection
EndGlobal
