
Microsoft Visual Studio Solution File, Format Version 12.00
# Visual Studio Version 17
VisualStudioVersion = 17.4.33213.308
MinimumVisualStudioVersion = 10.0.40219.1
Project("{FAE04EC0-301F-11D3-BF4B-00C04F79EFBC}") = "CalculatorApp", "CalculatorApp\CalculatorApp.csproj", "{88D94F07-E176-49EF-8697-380049B7B192}"
EndProject
Project("{FAE04EC0-301F-11D3-BF4B-00C04F79EFBC}") = "MathLibrary", "MathLibrary\MathLibrary.csproj", "{68D71B02-369A-4DC2-BAB5-6E873FED0072}"
EndProject
Global
	GlobalSection(SolutionConfigurationPlatforms) = preSolution
		Debug|Any CPU = Debug|Any CPU
		Release|Any CPU = Release|Any CPU
	EndGlobalSection
	GlobalSection(ProjectConfigurationPlatforms) = postSolution
		{88D94F07-E176-49EF-8697-380049B7B192}.Debug|Any CPU.ActiveCfg = Debug|Any CPU
		{88D94F07-E176-49EF-8697-380049B7B192}.Debug|Any CPU.Build.0 = Debug|Any CPU
		{88D94F07-E176-49EF-8697-380049B7B192}.Release|Any CPU.ActiveCfg = Release|Any CPU
		{88D94F07-E176-49EF-8697-380049B7B192}.Release|Any CPU.Build.0 = Release|Any CPU
		{68D71B02-369A-4DC2-BAB5-6E873FED0072}.Debug|Any CPU.ActiveCfg = Debug|Any CPU
		{68D71B02-369A-4DC2-BAB5-6E873FED0072}.Debug|Any CPU.Build.0 = Debug|Any CPU
		{68D71B02-369A-4DC2-BAB5-6E873FED0072}.Release|Any CPU.ActiveCfg = Release|Any CPU
		{68D71B02-369A-4DC2-BAB5-6E873FED0072}.Release|Any CPU.Build.0 = Release|Any CPU
	EndGlobalSection
	GlobalSection(SolutionProperties) = preSolution
		HideSolutionNode = FALSE
	EndGlobalSection
	GlobalSection(ExtensibilityGlobals) = postSolution
		SolutionGuid = {F5E72E6C-D122-4804-92D7-BDC0237147DC}
	EndGlobalSection
EndGlobal
