
Microsoft Visual Studio Solution File, Format Version 12.00
# Visual Studio Version 17
VisualStudioVersion = 17.4.33213.308
MinimumVisualStudioVersion = 10.0.40219.1
Project("{FAE04EC0-301F-11D3-BF4B-00C04F79EFBC}") = "SimInjDI", "SimInjDI\SimInjDI.csproj", "{D5EA96F5-BD73-43CD-AD0C-E6C1272852CD}"
EndProject
Global
	GlobalSection(SolutionConfigurationPlatforms) = preSolution
		Debug|Any CPU = Debug|Any CPU
		Release|Any CPU = Release|Any CPU
	EndGlobalSection
	GlobalSection(ProjectConfigurationPlatforms) = postSolution
		{D5EA96F5-BD73-43CD-AD0C-E6C1272852CD}.Debug|Any CPU.ActiveCfg = Debug|Any CPU
		{D5EA96F5-BD73-43CD-AD0C-E6C1272852CD}.Debug|Any CPU.Build.0 = Debug|Any CPU
		{D5EA96F5-BD73-43CD-AD0C-E6C1272852CD}.Release|Any CPU.ActiveCfg = Release|Any CPU
		{D5EA96F5-BD73-43CD-AD0C-E6C1272852CD}.Release|Any CPU.Build.0 = Release|Any CPU
	EndGlobalSection
	GlobalSection(SolutionProperties) = preSolution
		HideSolutionNode = FALSE
	EndGlobalSection
	GlobalSection(ExtensibilityGlobals) = postSolution
		SolutionGuid = {75FC7455-253A-4C34-B745-6761D993A814}
	EndGlobalSection
EndGlobal
