
Microsoft Visual Studio Solution File, Format Version 12.00
# Visual Studio Version 17
VisualStudioVersion = 17.4.33213.308
MinimumVisualStudioVersion = 10.0.40219.1
Project("{FAE04EC0-301F-11D3-BF4B-00C04F79EFBC}") = "SqlInjection", "SqlInjection\SqlInjection.csproj", "{C7BE3538-DE90-4A88-9800-DE9606AF3261}"
EndProject
Global
	GlobalSection(SolutionConfigurationPlatforms) = preSolution
		Debug|Any CPU = Debug|Any CPU
		Release|Any CPU = Release|Any CPU
	EndGlobalSection
	GlobalSection(ProjectConfigurationPlatforms) = postSolution
		{C7BE3538-DE90-4A88-9800-DE9606AF3261}.Debug|Any CPU.ActiveCfg = Debug|Any CPU
		{C7BE3538-DE90-4A88-9800-DE9606AF3261}.Debug|Any CPU.Build.0 = Debug|Any CPU
		{C7BE3538-DE90-4A88-9800-DE9606AF3261}.Release|Any CPU.ActiveCfg = Release|Any CPU
		{C7BE3538-DE90-4A88-9800-DE9606AF3261}.Release|Any CPU.Build.0 = Release|Any CPU
	EndGlobalSection
	GlobalSection(SolutionProperties) = preSolution
		HideSolutionNode = FALSE
	EndGlobalSection
	GlobalSection(ExtensibilityGlobals) = postSolution
		SolutionGuid = {03DD3EE3-0019-4C34-9284-7C9AF8F12EFC}
	EndGlobalSection
EndGlobal
