
Microsoft Visual Studio Solution File, Format Version 12.00
# Visual Studio Version 17
VisualStudioVersion = 17.4.33213.308
MinimumVisualStudioVersion = 10.0.40219.1
Project("{FAE04EC0-301F-11D3-BF4B-00C04F79EFBC}") = "TestCalculator", "TestCalculator\TestCalculator.csproj", "{322CD9D5-5765-4FCF-9B21-31A5D6F997C4}"
EndProject
Project("{FAE04EC0-301F-11D3-BF4B-00C04F79EFBC}") = "CalculatorLibrary", "CalculatorLibrary\CalculatorLibrary.csproj", "{279A75A4-8C33-417E-BD1D-DDC563DBE1EC}"
EndProject
Global
	GlobalSection(SolutionConfigurationPlatforms) = preSolution
		Debug|Any CPU = Debug|Any CPU
		Release|Any CPU = Release|Any CPU
	EndGlobalSection
	GlobalSection(ProjectConfigurationPlatforms) = postSolution
		{322CD9D5-5765-4FCF-9B21-31A5D6F997C4}.Debug|Any CPU.ActiveCfg = Debug|Any CPU
		{322CD9D5-5765-4FCF-9B21-31A5D6F997C4}.Debug|Any CPU.Build.0 = Debug|Any CPU
		{322CD9D5-5765-4FCF-9B21-31A5D6F997C4}.Release|Any CPU.ActiveCfg = Release|Any CPU
		{322CD9D5-5765-4FCF-9B21-31A5D6F997C4}.Release|Any CPU.Build.0 = Release|Any CPU
		{279A75A4-8C33-417E-BD1D-DDC563DBE1EC}.Debug|Any CPU.ActiveCfg = Debug|Any CPU
		{279A75A4-8C33-417E-BD1D-DDC563DBE1EC}.Debug|Any CPU.Build.0 = Debug|Any CPU
		{279A75A4-8C33-417E-BD1D-DDC563DBE1EC}.Release|Any CPU.ActiveCfg = Release|Any CPU
		{279A75A4-8C33-417E-BD1D-DDC563DBE1EC}.Release|Any CPU.Build.0 = Release|Any CPU
	EndGlobalSection
	GlobalSection(SolutionProperties) = preSolution
		HideSolutionNode = FALSE
	EndGlobalSection
	GlobalSection(ExtensibilityGlobals) = postSolution
		SolutionGuid = {866119AE-3A57-4F7F-A365-826C119F5640}
	EndGlobalSection
EndGlobal
