
Microsoft Visual Studio Solution File, Format Version 12.00
# Visual Studio Version 17
VisualStudioVersion = 17.4.33213.308
MinimumVisualStudioVersion = 10.0.40219.1
Project("{FAE04EC0-301F-11D3-BF4B-00C04F79EFBC}") = "ExcelSheet", "ExcelSheet\ExcelSheet.csproj", "{A23C6B63-A4FA-4754-9112-24C81F27EAC7}"
EndProject
Global
	GlobalSection(SolutionConfigurationPlatforms) = preSolution
		Debug|Any CPU = Debug|Any CPU
		Release|Any CPU = Release|Any CPU
	EndGlobalSection
	GlobalSection(ProjectConfigurationPlatforms) = postSolution
		{A23C6B63-A4FA-4754-9112-24C81F27EAC7}.Debug|Any CPU.ActiveCfg = Debug|Any CPU
		{A23C6B63-A4FA-4754-9112-24C81F27EAC7}.Debug|Any CPU.Build.0 = Debug|Any CPU
		{A23C6B63-A4FA-4754-9112-24C81F27EAC7}.Release|Any CPU.ActiveCfg = Release|Any CPU
		{A23C6B63-A4FA-4754-9112-24C81F27EAC7}.Release|Any CPU.Build.0 = Release|Any CPU
	EndGlobalSection
	GlobalSection(SolutionProperties) = preSolution
		HideSolutionNode = FALSE
	EndGlobalSection
	GlobalSection(ExtensibilityGlobals) = postSolution
		SolutionGuid = {E1B87CDF-0B25-499F-B725-A628F545AB9C}
	EndGlobalSection
EndGlobal
