
Microsoft Visual Studio Solution File, Format Version 12.00
# Visual Studio Version 17
VisualStudioVersion = 17.4.33213.308
MinimumVisualStudioVersion = 10.0.40219.1
Project("{FAE04EC0-301F-11D3-BF4B-00C04F79EFBC}") = "Website1", "Website1\Website1.csproj", "{F3A607AC-4FA0-480D-9AD3-9660299ACCFD}"
EndProject
Project("{FAE04EC0-301F-11D3-BF4B-00C04F79EFBC}") = "Website2", "Website2\Website2.csproj", "{A1D71A8C-E411-4275-BFDF-1551A9287DE6}"
EndProject
Global
	GlobalSection(SolutionConfigurationPlatforms) = preSolution
		Debug|Any CPU = Debug|Any CPU
		Release|Any CPU = Release|Any CPU
	EndGlobalSection
	GlobalSection(ProjectConfigurationPlatforms) = postSolution
		{F3A607AC-4FA0-480D-9AD3-9660299ACCFD}.Debug|Any CPU.ActiveCfg = Debug|Any CPU
		{F3A607AC-4FA0-480D-9AD3-9660299ACCFD}.Debug|Any CPU.Build.0 = Debug|Any CPU
		{F3A607AC-4FA0-480D-9AD3-9660299ACCFD}.Release|Any CPU.ActiveCfg = Release|Any CPU
		{F3A607AC-4FA0-480D-9AD3-9660299ACCFD}.Release|Any CPU.Build.0 = Release|Any CPU
		{A1D71A8C-E411-4275-BFDF-1551A9287DE6}.Debug|Any CPU.ActiveCfg = Debug|Any CPU
		{A1D71A8C-E411-4275-BFDF-1551A9287DE6}.Debug|Any CPU.Build.0 = Debug|Any CPU
		{A1D71A8C-E411-4275-BFDF-1551A9287DE6}.Release|Any CPU.ActiveCfg = Release|Any CPU
		{A1D71A8C-E411-4275-BFDF-1551A9287DE6}.Release|Any CPU.Build.0 = Release|Any CPU
	EndGlobalSection
	GlobalSection(SolutionProperties) = preSolution
		HideSolutionNode = FALSE
	EndGlobalSection
	GlobalSection(ExtensibilityGlobals) = postSolution
		SolutionGuid = {8EE7991E-2B4F-4DE3-9B33-3DFAED58066D}
	EndGlobalSection
EndGlobal
