
Microsoft Visual Studio Solution File, Format Version 12.00
# Visual Studio Version 17
VisualStudioVersion = 17.4.33213.308
MinimumVisualStudioVersion = 10.0.40219.1
Project("{FAE04EC0-301F-11D3-BF4B-00C04F79EFBC}") = "DatabaseFirst", "DatabaseFirst\DatabaseFirst.csproj", "{578A0E34-EBC2-422A-BA08-4FDED46CE17E}"
EndProject
Global
	GlobalSection(SolutionConfigurationPlatforms) = preSolution
		Debug|Any CPU = Debug|Any CPU
		Release|Any CPU = Release|Any CPU
	EndGlobalSection
	GlobalSection(ProjectConfigurationPlatforms) = postSolution
		{578A0E34-EBC2-422A-BA08-4FDED46CE17E}.Debug|Any CPU.ActiveCfg = Debug|Any CPU
		{578A0E34-EBC2-422A-BA08-4FDED46CE17E}.Debug|Any CPU.Build.0 = Debug|Any CPU
		{578A0E34-EBC2-422A-BA08-4FDED46CE17E}.Release|Any CPU.ActiveCfg = Release|Any CPU
		{578A0E34-EBC2-422A-BA08-4FDED46CE17E}.Release|Any CPU.Build.0 = Release|Any CPU
	EndGlobalSection
	GlobalSection(SolutionProperties) = preSolution
		HideSolutionNode = FALSE
	EndGlobalSection
	GlobalSection(ExtensibilityGlobals) = postSolution
		SolutionGuid = {3470560F-2D13-48D6-8675-B6193773EF3F}
	EndGlobalSection
EndGlobal
