
Microsoft Visual Studio Solution File, Format Version 12.00
# Visual Studio Version 17
VisualStudioVersion = 17.4.33213.308
MinimumVisualStudioVersion = 10.0.40219.1
Project("{FAE04EC0-301F-11D3-BF4B-00C04F79EFBC}") = "CustomColViaArray", "CustomColViaArray\CustomColViaArray.csproj", "{D2B7BA32-5C36-4C1C-83E2-2A51CD3EBC16}"
EndProject
Global
	GlobalSection(SolutionConfigurationPlatforms) = preSolution
		Debug|Any CPU = Debug|Any CPU
		Release|Any CPU = Release|Any CPU
	EndGlobalSection
	GlobalSection(ProjectConfigurationPlatforms) = postSolution
		{D2B7BA32-5C36-4C1C-83E2-2A51CD3EBC16}.Debug|Any CPU.ActiveCfg = Debug|Any CPU
		{D2B7BA32-5C36-4C1C-83E2-2A51CD3EBC16}.Debug|Any CPU.Build.0 = Debug|Any CPU
		{D2B7BA32-5C36-4C1C-83E2-2A51CD3EBC16}.Release|Any CPU.ActiveCfg = Release|Any CPU
		{D2B7BA32-5C36-4C1C-83E2-2A51CD3EBC16}.Release|Any CPU.Build.0 = Release|Any CPU
	EndGlobalSection
	GlobalSection(SolutionProperties) = preSolution
		HideSolutionNode = FALSE
	EndGlobalSection
	GlobalSection(ExtensibilityGlobals) = postSolution
		SolutionGuid = {627578E4-6CB1-4993-BD6C-9492DCEF9425}
	EndGlobalSection
EndGlobal
