
Microsoft Visual Studio Solution File, Format Version 12.00
# Visual Studio Version 17
VisualStudioVersion = 17.4.33213.308
MinimumVisualStudioVersion = 10.0.40219.1
Project("{FAE04EC0-301F-11D3-BF4B-00C04F79EFBC}") = "RemoteLibrary", "RemoteLibrary\RemoteLibrary.csproj", "{D8169667-02F4-4A8B-A13D-6056EB917C30}"
EndProject
Project("{FAE04EC0-301F-11D3-BF4B-00C04F79EFBC}") = "RemoteServer", "RemoteServer\RemoteServer.csproj", "{BD3A0B6F-9BA1-4B59-911D-F7E76A5E7DDE}"
EndProject
Global
	GlobalSection(SolutionConfigurationPlatforms) = preSolution
		Debug|Any CPU = Debug|Any CPU
		Release|Any CPU = Release|Any CPU
	EndGlobalSection
	GlobalSection(ProjectConfigurationPlatforms) = postSolution
		{D8169667-02F4-4A8B-A13D-6056EB917C30}.Debug|Any CPU.ActiveCfg = Debug|Any CPU
		{D8169667-02F4-4A8B-A13D-6056EB917C30}.Debug|Any CPU.Build.0 = Debug|Any CPU
		{D8169667-02F4-4A8B-A13D-6056EB917C30}.Release|Any CPU.ActiveCfg = Release|Any CPU
		{D8169667-02F4-4A8B-A13D-6056EB917C30}.Release|Any CPU.Build.0 = Release|Any CPU
		{BD3A0B6F-9BA1-4B59-911D-F7E76A5E7DDE}.Debug|Any CPU.ActiveCfg = Debug|Any CPU
		{BD3A0B6F-9BA1-4B59-911D-F7E76A5E7DDE}.Debug|Any CPU.Build.0 = Debug|Any CPU
		{BD3A0B6F-9BA1-4B59-911D-F7E76A5E7DDE}.Release|Any CPU.ActiveCfg = Release|Any CPU
		{BD3A0B6F-9BA1-4B59-911D-F7E76A5E7DDE}.Release|Any CPU.Build.0 = Release|Any CPU
	EndGlobalSection
	GlobalSection(SolutionProperties) = preSolution
		HideSolutionNode = FALSE
	EndGlobalSection
	GlobalSection(ExtensibilityGlobals) = postSolution
		SolutionGuid = {DB3DEAEC-A9DE-4EEB-A74F-8B08FA44E80C}
	EndGlobalSection
EndGlobal
